
Microsoft Visual Studio Solution File, Format Version 12.00
# Visual Studio Version 17
VisualStudioVersion = 17.12.35707.178 d17.12
MinimumVisualStudioVersion = 10.0.40219.1
Project("{54435603-DBB4-11D2-8724-00A0C9A8B90C}") = "Setup1", "Setup1.vdproj", "{36CE3F91-6BB2-4E3F-97FF-5D32C51F901D}"
EndProject
Global
	GlobalSection(SolutionConfigurationPlatforms) = preSolution
		Debug|Default = Debug|Default
		Release|Default = Release|Default
	EndGlobalSection
	GlobalSection(ProjectConfigurationPlatforms) = postSolution
		{36CE3F91-6BB2-4E3F-97FF-5D32C51F901D}.Debug|Default.ActiveCfg = Debug
		{36CE3F91-6BB2-4E3F-97FF-5D32C51F901D}.Debug|Default.Build.0 = Debug
		{36CE3F91-6BB2-4E3F-97FF-5D32C51F901D}.Release|Default.ActiveCfg = Release
		{36CE3F91-6BB2-4E3F-97FF-5D32C51F901D}.Release|Default.Build.0 = Release
	EndGlobalSection
	GlobalSection(SolutionProperties) = preSolution
		HideSolutionNode = FALSE
	EndGlobalSection
EndGlobal
